// !$*UTF8*$!
{
	archiveVersion = 1;
	classes = {
	};
	objectVersion = 56;
	objects = {

/* Begin PBXBuildFile section */
		91039B502D3D3463009D333B /* CoreDataManager.swift in Sources */ = {isa = PBXBuildFile; fileRef = 91039B4F2D3D3463009D333B /* CoreDataManager.swift */; };
		91039B532D3D34B0009D333B /* TrackerCoreData.xcdatamodeld in Sources */ = {isa = PBXBuildFile; fileRef = 91039B512D3D34B0009D333B /* TrackerCoreData.xcdatamodeld */; };
		9120915F2D0A364D0048851D /* SupplementaryView.swift in Sources */ = {isa = PBXBuildFile; fileRef = 9120915E2D0A364D0048851D /* SupplementaryView.swift */; };
		912091632D0ADA080048851D /* EmojiCollectionViewManager.swift in Sources */ = {isa = PBXBuildFile; fileRef = 912091622D0ADA080048851D /* EmojiCollectionViewManager.swift */; };
		912091652D0ADCAF0048851D /* ColorCollectionManager.swift in Sources */ = {isa = PBXBuildFile; fileRef = 912091642D0ADCAF0048851D /* ColorCollectionManager.swift */; };
		912091672D0ADDF80048851D /* ColorCollectionViewCell.swift in Sources */ = {isa = PBXBuildFile; fileRef = 912091662D0ADDF80048851D /* ColorCollectionViewCell.swift */; };
		9120916B2D0C623D0048851D /* NameTextFieldManager.swift in Sources */ = {isa = PBXBuildFile; fileRef = 9120916A2D0C623D0048851D /* NameTextFieldManager.swift */; };
		912091722D0CB5810048851D /* GeometricParamsModel.swift in Sources */ = {isa = PBXBuildFile; fileRef = 912091712D0CB5810048851D /* GeometricParamsModel.swift */; };
		912091762D0CB69A0048851D /* CategoryPageVC.swift in Sources */ = {isa = PBXBuildFile; fileRef = 912091752D0CB69A0048851D /* CategoryPageVC.swift */; };
		912091782D0CBE0F0048851D /* CreateCategoryVC.swift in Sources */ = {isa = PBXBuildFile; fileRef = 912091772D0CBE0F0048851D /* CreateCategoryVC.swift */; };
		9120917D2D0DB33C0048851D /* SchedulePageVC.swift in Sources */ = {isa = PBXBuildFile; fileRef = 9120917C2D0DB33C0048851D /* SchedulePageVC.swift */; };
		912091842D0DCAE90048851D /* ButtonsTableViewCells.swift in Sources */ = {isa = PBXBuildFile; fileRef = 912091832D0DCAE90048851D /* ButtonsTableViewCells.swift */; };
		9120918C2D0F03200048851D /* CategoryTableViewCell.swift in Sources */ = {isa = PBXBuildFile; fileRef = 9120918B2D0F03200048851D /* CategoryTableViewCell.swift */; };
		912091942D0F15230048851D /* DataForTrackerModel.swift in Sources */ = {isa = PBXBuildFile; fileRef = 912091932D0F15230048851D /* DataForTrackerModel.swift */; };
		912091982D10571A0048851D /* EditNewTrackerPresenter.swift in Sources */ = {isa = PBXBuildFile; fileRef = 912091972D10571A0048851D /* EditNewTrackerPresenter.swift */; };
		9120919C2D1057CD0048851D /* EditNewTrackerPresenterProtocol.swift in Sources */ = {isa = PBXBuildFile; fileRef = 9120919B2D1057CD0048851D /* EditNewTrackerPresenterProtocol.swift */; };
		913E87552D36DEBB0014D489 /* CategoryPageViewControllerProtocol.swift in Sources */ = {isa = PBXBuildFile; fileRef = 913E87542D36DEBB0014D489 /* CategoryPageViewControllerProtocol.swift */; };
		913E87572D399B460014D489 /* TrackerColorsModel.swift in Sources */ = {isa = PBXBuildFile; fileRef = 913E87562D399B460014D489 /* TrackerColorsModel.swift */; };
		913E87592D399B740014D489 /* ScheduleModel.swift in Sources */ = {isa = PBXBuildFile; fileRef = 913E87582D399B740014D489 /* ScheduleModel.swift */; };
		913E875B2D399BA60014D489 /* EmojiModel.swift in Sources */ = {isa = PBXBuildFile; fileRef = 913E875A2D399BA60014D489 /* EmojiModel.swift */; };
		91521B282D44111E00402837 /* OnboardingViewController.swift in Sources */ = {isa = PBXBuildFile; fileRef = 91521B272D44111E00402837 /* OnboardingViewController.swift */; };
		91521B4F2D4419E300402837 /* PageViewController.swift in Sources */ = {isa = PBXBuildFile; fileRef = 91521B4E2D4419E300402837 /* PageViewController.swift */; };
		9161CE572D1066A70081A3B4 /* EditNewTrackerViewControllerProtocol.swift in Sources */ = {isa = PBXBuildFile; fileRef = 9161CE562D1066A70081A3B4 /* EditNewTrackerViewControllerProtocol.swift */; };
		9170EFEB2D3FA3C30004A701 /* TrackersDataProvider.swift in Sources */ = {isa = PBXBuildFile; fileRef = 9170EFEA2D3FA3C30004A701 /* TrackersDataProvider.swift */; };
		9170EFEE2D3FAE350004A701 /* TrackerDataStore.swift in Sources */ = {isa = PBXBuildFile; fileRef = 9170EFED2D3FAE350004A701 /* TrackerDataStore.swift */; };
		9170EFF02D3FAF2F0004A701 /* TrackerDataStoreProtocol.swift in Sources */ = {isa = PBXBuildFile; fileRef = 9170EFEF2D3FAF2F0004A701 /* TrackerDataStoreProtocol.swift */; };
		9170EFF52D3FBA040004A701 /* DataProviderDelegate.swift in Sources */ = {isa = PBXBuildFile; fileRef = 9170EFF42D3FBA040004A701 /* DataProviderDelegate.swift */; };
		9170EFF72D3FBA170004A701 /* TrackersDataProviderProtocol.swift in Sources */ = {isa = PBXBuildFile; fileRef = 9170EFF62D3FBA170004A701 /* TrackersDataProviderProtocol.swift */; };
		9170F00E2D410FC40004A701 /* RecordsDataProvider.swift in Sources */ = {isa = PBXBuildFile; fileRef = 9170F00D2D410FC40004A701 /* RecordsDataProvider.swift */; };
		9170F0102D4114170004A701 /* RecordsDataProviderDelegate.swift in Sources */ = {isa = PBXBuildFile; fileRef = 9170F00F2D4114170004A701 /* RecordsDataProviderDelegate.swift */; };
		9170F0122D4119010004A701 /* RecordsDataStore.swift in Sources */ = {isa = PBXBuildFile; fileRef = 9170F0112D4119010004A701 /* RecordsDataStore.swift */; };
		9170F0142D41395B0004A701 /* CategoryDataStore.swift in Sources */ = {isa = PBXBuildFile; fileRef = 9170F0132D41395B0004A701 /* CategoryDataStore.swift */; };
		9170F0182D413B800004A701 /* CategoryDataProvider.swift in Sources */ = {isa = PBXBuildFile; fileRef = 9170F0172D413B800004A701 /* CategoryDataProvider.swift */; };
		9170F01F2D424A900004A701 /* TrackersCollectionPresenterDelegate.swift in Sources */ = {isa = PBXBuildFile; fileRef = 9170F01E2D424A900004A701 /* TrackersCollectionPresenterDelegate.swift */; };
		91B0283A2CF06F680047E664 /* AppDelegate.swift in Sources */ = {isa = PBXBuildFile; fileRef = 91B028392CF06F680047E664 /* AppDelegate.swift */; };
		91B0283C2CF06F680047E664 /* SceneDelegate.swift in Sources */ = {isa = PBXBuildFile; fileRef = 91B0283B2CF06F680047E664 /* SceneDelegate.swift */; };
		91B0283E2CF06F680047E664 /* TrackerListVC.swift in Sources */ = {isa = PBXBuildFile; fileRef = 91B0283D2CF06F680047E664 /* TrackerListVC.swift */; };
		91B028432CF06F690047E664 /* Assets.xcassets in Resources */ = {isa = PBXBuildFile; fileRef = 91B028422CF06F690047E664 /* Assets.xcassets */; };
		91B028462CF06F690047E664 /* Base in Resources */ = {isa = PBXBuildFile; fileRef = 91B028452CF06F690047E664 /* Base */; };
		91B028522CF078D50047E664 /* TabBarController.swift in Sources */ = {isa = PBXBuildFile; fileRef = 91B028512CF078D50047E664 /* TabBarController.swift */; };
		91B028552CF07AE60047E664 /* UIButton+Extensions.swift in Sources */ = {isa = PBXBuildFile; fileRef = 91B028542CF07AE60047E664 /* UIButton+Extensions.swift */; };
		91B028782CF0C7A70047E664 /* TrackerModel.swift in Sources */ = {isa = PBXBuildFile; fileRef = 91B028772CF0C7A70047E664 /* TrackerModel.swift */; };
		91B0287A2CF0C7B20047E664 /* TrackerCategoryModel.swift in Sources */ = {isa = PBXBuildFile; fileRef = 91B028792CF0C7B20047E664 /* TrackerCategoryModel.swift */; };
		91B0287C2CF0C7BD0047E664 /* TrackerRecordModel.swift in Sources */ = {isa = PBXBuildFile; fileRef = 91B0287B2CF0C7BD0047E664 /* TrackerRecordModel.swift */; };
		91B028802CF2061D0047E664 /* UIColor+Extensions.swift in Sources */ = {isa = PBXBuildFile; fileRef = 91B0287F2CF2061D0047E664 /* UIColor+Extensions.swift */; };
		91B028832CF207BF0047E664 /* StatisticPageVC.swift in Sources */ = {isa = PBXBuildFile; fileRef = 91B028822CF207BF0047E664 /* StatisticPageVC.swift */; };
		91B028852CF209690047E664 /* Date+Extensions.swift in Sources */ = {isa = PBXBuildFile; fileRef = 91B028842CF209690047E664 /* Date+Extensions.swift */; };
		91B028882CF257BE0047E664 /* TrackerTypeMenuVC.swift in Sources */ = {isa = PBXBuildFile; fileRef = 91B028872CF257BE0047E664 /* TrackerTypeMenuVC.swift */; };
		91B0288B2CF334960047E664 /* EditNewTrackerVC.swift in Sources */ = {isa = PBXBuildFile; fileRef = 91B0288A2CF334960047E664 /* EditNewTrackerVC.swift */; };
		91B0288D2CF380B50047E664 /* EmojiCollectionViewCell.swift in Sources */ = {isa = PBXBuildFile; fileRef = 91B0288C2CF380B50047E664 /* EmojiCollectionViewCell.swift */; };
		91CC95C02D106AA700ECE101 /* TrackerNameTextFieldManagerDelegateProtocol.swift in Sources */ = {isa = PBXBuildFile; fileRef = 9120916D2D0C8F930048851D /* TrackerNameTextFieldManagerDelegateProtocol.swift */; };
		91CC95C32D10B4D100ECE101 /* TrackersCollectionCell.swift in Sources */ = {isa = PBXBuildFile; fileRef = 91CC95C22D10B4D100ECE101 /* TrackersCollectionCell.swift */; };
		91CC95C82D10B51D00ECE101 /* TrackersCollectionPresenter.swift in Sources */ = {isa = PBXBuildFile; fileRef = 91CC95C72D10B51D00ECE101 /* TrackersCollectionPresenter.swift */; };
/* End PBXBuildFile section */

/* Begin PBXFileReference section */
		91039B4F2D3D3463009D333B /* CoreDataManager.swift */ = {isa = PBXFileReference; lastKnownFileType = sourcecode.swift; path = CoreDataManager.swift; sourceTree = "<group>"; };
		91039B522D3D34B0009D333B /* TrackerCoreData.xcdatamodel */ = {isa = PBXFileReference; lastKnownFileType = wrapper.xcdatamodel; path = TrackerCoreData.xcdatamodel; sourceTree = "<group>"; };
		9120915E2D0A364D0048851D /* SupplementaryView.swift */ = {isa = PBXFileReference; lastKnownFileType = sourcecode.swift; path = SupplementaryView.swift; sourceTree = "<group>"; };
		912091622D0ADA080048851D /* EmojiCollectionViewManager.swift */ = {isa = PBXFileReference; lastKnownFileType = sourcecode.swift; path = EmojiCollectionViewManager.swift; sourceTree = "<group>"; };
		912091642D0ADCAF0048851D /* ColorCollectionManager.swift */ = {isa = PBXFileReference; lastKnownFileType = sourcecode.swift; path = ColorCollectionManager.swift; sourceTree = "<group>"; };
		912091662D0ADDF80048851D /* ColorCollectionViewCell.swift */ = {isa = PBXFileReference; lastKnownFileType = sourcecode.swift; path = ColorCollectionViewCell.swift; sourceTree = "<group>"; };
		9120916A2D0C623D0048851D /* NameTextFieldManager.swift */ = {isa = PBXFileReference; lastKnownFileType = sourcecode.swift; path = NameTextFieldManager.swift; sourceTree = "<group>"; };
		9120916D2D0C8F930048851D /* TrackerNameTextFieldManagerDelegateProtocol.swift */ = {isa = PBXFileReference; lastKnownFileType = sourcecode.swift; path = TrackerNameTextFieldManagerDelegateProtocol.swift; sourceTree = "<group>"; };
		912091712D0CB5810048851D /* GeometricParamsModel.swift */ = {isa = PBXFileReference; lastKnownFileType = sourcecode.swift; path = GeometricParamsModel.swift; sourceTree = "<group>"; };
		912091752D0CB69A0048851D /* CategoryPageVC.swift */ = {isa = PBXFileReference; lastKnownFileType = sourcecode.swift; path = CategoryPageVC.swift; sourceTree = "<group>"; };
		912091772D0CBE0F0048851D /* CreateCategoryVC.swift */ = {isa = PBXFileReference; lastKnownFileType = sourcecode.swift; path = CreateCategoryVC.swift; sourceTree = "<group>"; };
		9120917C2D0DB33C0048851D /* SchedulePageVC.swift */ = {isa = PBXFileReference; lastKnownFileType = sourcecode.swift; path = SchedulePageVC.swift; sourceTree = "<group>"; };
		912091832D0DCAE90048851D /* ButtonsTableViewCells.swift */ = {isa = PBXFileReference; lastKnownFileType = sourcecode.swift; path = ButtonsTableViewCells.swift; sourceTree = "<group>"; };
		9120918B2D0F03200048851D /* CategoryTableViewCell.swift */ = {isa = PBXFileReference; lastKnownFileType = sourcecode.swift; path = CategoryTableViewCell.swift; sourceTree = "<group>"; };
		912091932D0F15230048851D /* DataForTrackerModel.swift */ = {isa = PBXFileReference; lastKnownFileType = sourcecode.swift; path = DataForTrackerModel.swift; sourceTree = "<group>"; };
		912091972D10571A0048851D /* EditNewTrackerPresenter.swift */ = {isa = PBXFileReference; lastKnownFileType = sourcecode.swift; path = EditNewTrackerPresenter.swift; sourceTree = "<group>"; };
		9120919B2D1057CD0048851D /* EditNewTrackerPresenterProtocol.swift */ = {isa = PBXFileReference; lastKnownFileType = sourcecode.swift; path = EditNewTrackerPresenterProtocol.swift; sourceTree = "<group>"; };
		913E87542D36DEBB0014D489 /* CategoryPageViewControllerProtocol.swift */ = {isa = PBXFileReference; lastKnownFileType = sourcecode.swift; path = CategoryPageViewControllerProtocol.swift; sourceTree = "<group>"; };
		913E87562D399B460014D489 /* TrackerColorsModel.swift */ = {isa = PBXFileReference; lastKnownFileType = sourcecode.swift; path = TrackerColorsModel.swift; sourceTree = "<group>"; };
		913E87582D399B740014D489 /* ScheduleModel.swift */ = {isa = PBXFileReference; lastKnownFileType = sourcecode.swift; path = ScheduleModel.swift; sourceTree = "<group>"; };
		913E875A2D399BA60014D489 /* EmojiModel.swift */ = {isa = PBXFileReference; lastKnownFileType = sourcecode.swift; path = EmojiModel.swift; sourceTree = "<group>"; };
		91521B272D44111E00402837 /* OnboardingViewController.swift */ = {isa = PBXFileReference; lastKnownFileType = sourcecode.swift; path = OnboardingViewController.swift; sourceTree = "<group>"; };
		91521B4E2D4419E300402837 /* PageViewController.swift */ = {isa = PBXFileReference; lastKnownFileType = sourcecode.swift; path = PageViewController.swift; sourceTree = "<group>"; };
		9161CE562D1066A70081A3B4 /* EditNewTrackerViewControllerProtocol.swift */ = {isa = PBXFileReference; lastKnownFileType = sourcecode.swift; path = EditNewTrackerViewControllerProtocol.swift; sourceTree = "<group>"; };
		9170EFEA2D3FA3C30004A701 /* TrackersDataProvider.swift */ = {isa = PBXFileReference; lastKnownFileType = sourcecode.swift; path = TrackersDataProvider.swift; sourceTree = "<group>"; };
		9170EFED2D3FAE350004A701 /* TrackerDataStore.swift */ = {isa = PBXFileReference; lastKnownFileType = sourcecode.swift; path = TrackerDataStore.swift; sourceTree = "<group>"; };
		9170EFEF2D3FAF2F0004A701 /* TrackerDataStoreProtocol.swift */ = {isa = PBXFileReference; lastKnownFileType = sourcecode.swift; path = TrackerDataStoreProtocol.swift; sourceTree = "<group>"; };
		9170EFF42D3FBA040004A701 /* DataProviderDelegate.swift */ = {isa = PBXFileReference; lastKnownFileType = sourcecode.swift; path = DataProviderDelegate.swift; sourceTree = "<group>"; };
		9170EFF62D3FBA170004A701 /* TrackersDataProviderProtocol.swift */ = {isa = PBXFileReference; lastKnownFileType = sourcecode.swift; path = TrackersDataProviderProtocol.swift; sourceTree = "<group>"; };
		9170F00D2D410FC40004A701 /* RecordsDataProvider.swift */ = {isa = PBXFileReference; lastKnownFileType = sourcecode.swift; path = RecordsDataProvider.swift; sourceTree = "<group>"; };
		9170F00F2D4114170004A701 /* RecordsDataProviderDelegate.swift */ = {isa = PBXFileReference; lastKnownFileType = sourcecode.swift; path = RecordsDataProviderDelegate.swift; sourceTree = "<group>"; };
		9170F0112D4119010004A701 /* RecordsDataStore.swift */ = {isa = PBXFileReference; lastKnownFileType = sourcecode.swift; path = RecordsDataStore.swift; sourceTree = "<group>"; };
		9170F0132D41395B0004A701 /* CategoryDataStore.swift */ = {isa = PBXFileReference; lastKnownFileType = sourcecode.swift; path = CategoryDataStore.swift; sourceTree = "<group>"; };
		9170F0172D413B800004A701 /* CategoryDataProvider.swift */ = {isa = PBXFileReference; lastKnownFileType = sourcecode.swift; path = CategoryDataProvider.swift; sourceTree = "<group>"; };
		9170F01E2D424A900004A701 /* TrackersCollectionPresenterDelegate.swift */ = {isa = PBXFileReference; lastKnownFileType = sourcecode.swift; path = TrackersCollectionPresenterDelegate.swift; sourceTree = "<group>"; };
		91B028362CF06F680047E664 /* Tracker.app */ = {isa = PBXFileReference; explicitFileType = wrapper.application; includeInIndex = 0; path = Tracker.app; sourceTree = BUILT_PRODUCTS_DIR; };
		91B028392CF06F680047E664 /* AppDelegate.swift */ = {isa = PBXFileReference; lastKnownFileType = sourcecode.swift; path = AppDelegate.swift; sourceTree = "<group>"; };
		91B0283B2CF06F680047E664 /* SceneDelegate.swift */ = {isa = PBXFileReference; lastKnownFileType = sourcecode.swift; path = SceneDelegate.swift; sourceTree = "<group>"; };
		91B0283D2CF06F680047E664 /* TrackerListVC.swift */ = {isa = PBXFileReference; lastKnownFileType = sourcecode.swift; path = TrackerListVC.swift; sourceTree = "<group>"; };
		91B028422CF06F690047E664 /* Assets.xcassets */ = {isa = PBXFileReference; lastKnownFileType = folder.assetcatalog; path = Assets.xcassets; sourceTree = "<group>"; };
		91B028452CF06F690047E664 /* Base */ = {isa = PBXFileReference; lastKnownFileType = file.storyboard; name = Base; path = Base.lproj/LaunchScreen.storyboard; sourceTree = "<group>"; };
		91B028472CF06F690047E664 /* Info.plist */ = {isa = PBXFileReference; lastKnownFileType = text.plist.xml; path = Info.plist; sourceTree = "<group>"; };
		91B028512CF078D50047E664 /* TabBarController.swift */ = {isa = PBXFileReference; lastKnownFileType = sourcecode.swift; path = TabBarController.swift; sourceTree = "<group>"; };
		91B028542CF07AE60047E664 /* UIButton+Extensions.swift */ = {isa = PBXFileReference; lastKnownFileType = sourcecode.swift; path = "UIButton+Extensions.swift"; sourceTree = "<group>"; };
		91B028772CF0C7A70047E664 /* TrackerModel.swift */ = {isa = PBXFileReference; lastKnownFileType = sourcecode.swift; path = TrackerModel.swift; sourceTree = "<group>"; };
		91B028792CF0C7B20047E664 /* TrackerCategoryModel.swift */ = {isa = PBXFileReference; lastKnownFileType = sourcecode.swift; path = TrackerCategoryModel.swift; sourceTree = "<group>"; };
		91B0287B2CF0C7BD0047E664 /* TrackerRecordModel.swift */ = {isa = PBXFileReference; lastKnownFileType = sourcecode.swift; path = TrackerRecordModel.swift; sourceTree = "<group>"; };
		91B0287F2CF2061D0047E664 /* UIColor+Extensions.swift */ = {isa = PBXFileReference; lastKnownFileType = sourcecode.swift; path = "UIColor+Extensions.swift"; sourceTree = "<group>"; };
		91B028822CF207BF0047E664 /* StatisticPageVC.swift */ = {isa = PBXFileReference; lastKnownFileType = sourcecode.swift; path = StatisticPageVC.swift; sourceTree = "<group>"; };
		91B028842CF209690047E664 /* Date+Extensions.swift */ = {isa = PBXFileReference; lastKnownFileType = sourcecode.swift; path = "Date+Extensions.swift"; sourceTree = "<group>"; };
		91B028872CF257BE0047E664 /* TrackerTypeMenuVC.swift */ = {isa = PBXFileReference; lastKnownFileType = sourcecode.swift; path = TrackerTypeMenuVC.swift; sourceTree = "<group>"; };
		91B0288A2CF334960047E664 /* EditNewTrackerVC.swift */ = {isa = PBXFileReference; lastKnownFileType = sourcecode.swift; path = EditNewTrackerVC.swift; sourceTree = "<group>"; };
		91B0288C2CF380B50047E664 /* EmojiCollectionViewCell.swift */ = {isa = PBXFileReference; lastKnownFileType = sourcecode.swift; path = EmojiCollectionViewCell.swift; sourceTree = "<group>"; };
		91CC95C22D10B4D100ECE101 /* TrackersCollectionCell.swift */ = {isa = PBXFileReference; lastKnownFileType = sourcecode.swift; path = TrackersCollectionCell.swift; sourceTree = "<group>"; };
		91CC95C72D10B51D00ECE101 /* TrackersCollectionPresenter.swift */ = {isa = PBXFileReference; lastKnownFileType = sourcecode.swift; path = TrackersCollectionPresenter.swift; sourceTree = "<group>"; };
/* End PBXFileReference section */

/* Begin PBXFrameworksBuildPhase section */
		91B028332CF06F680047E664 /* Frameworks */ = {
			isa = PBXFrameworksBuildPhase;
			buildActionMask = 2147483647;
			files = (
			);
			runOnlyForDeploymentPostprocessing = 0;
		};
/* End PBXFrameworksBuildPhase section */

/* Begin PBXGroup section */
		912091682D0AED2E0048851D /* Managers */ = {
			isa = PBXGroup;
			children = (
				9120916C2D0C8F830048851D /* Protocols */,
				9120916A2D0C623D0048851D /* NameTextFieldManager.swift */,
			);
			path = Managers;
			sourceTree = "<group>";
		};
		912091692D0AED3C0048851D /* Cells */ = {
			isa = PBXGroup;
			children = (
				912091662D0ADDF80048851D /* ColorCollectionViewCell.swift */,
				91B0288C2CF380B50047E664 /* EmojiCollectionViewCell.swift */,
				912091832D0DCAE90048851D /* ButtonsTableViewCells.swift */,
			);
			path = Cells;
			sourceTree = "<group>";
		};
		9120916C2D0C8F830048851D /* Protocols */ = {
			isa = PBXGroup;
			children = (
				9120916D2D0C8F930048851D /* TrackerNameTextFieldManagerDelegateProtocol.swift */,
			);
			path = Protocols;
			sourceTree = "<group>";
		};
		912091702D0CB5640048851D /* Models */ = {
			isa = PBXGroup;
			children = (
				912091932D0F15230048851D /* DataForTrackerModel.swift */,
			);
			path = Models;
			sourceTree = "<group>";
		};
		912091732D0CB5FF0048851D /* CategoryPage */ = {
			isa = PBXGroup;
			children = (
				913E87532D36DEAE0014D489 /* protocols */,
				912091752D0CB69A0048851D /* CategoryPageVC.swift */,
				912091772D0CBE0F0048851D /* CreateCategoryVC.swift */,
				9120918B2D0F03200048851D /* CategoryTableViewCell.swift */,
			);
			path = CategoryPage;
			sourceTree = "<group>";
		};
		9120917B2D0DB3070048851D /* SchedulePage */ = {
			isa = PBXGroup;
			children = (
				9120917C2D0DB33C0048851D /* SchedulePageVC.swift */,
			);
			path = SchedulePage;
			sourceTree = "<group>";
		};
		9120918D2D0F0B270048851D /* Managers */ = {
			isa = PBXGroup;
			children = (
				912091642D0ADCAF0048851D /* ColorCollectionManager.swift */,
				912091622D0ADA080048851D /* EmojiCollectionViewManager.swift */,
			);
			path = Managers;
			sourceTree = "<group>";
		};
		9120918E2D0F0C5A0048851D /* Protocols */ = {
			isa = PBXGroup;
			children = (
				9120919B2D1057CD0048851D /* EditNewTrackerPresenterProtocol.swift */,
				9161CE562D1066A70081A3B4 /* EditNewTrackerViewControllerProtocol.swift */,
			);
			path = Protocols;
			sourceTree = "<group>";
		};
		913E87532D36DEAE0014D489 /* protocols */ = {
			isa = PBXGroup;
			children = (
				913E87542D36DEBB0014D489 /* CategoryPageViewControllerProtocol.swift */,
			);
			path = protocols;
			sourceTree = "<group>";
		};
		91521B262D44110000402837 /* Onboarding */ = {
			isa = PBXGroup;
			children = (
				91521B272D44111E00402837 /* OnboardingViewController.swift */,
				91521B4E2D4419E300402837 /* PageViewController.swift */,
			);
			path = Onboarding;
			sourceTree = "<group>";
		};
		9170EFE92D3FA3B50004A701 /* CoreData */ = {
			isa = PBXGroup;
			children = (
				9170EFEC2D3FAE1F0004A701 /* DataStores */,
				9170F0162D413B690004A701 /* DataProviders */,
				91039B4F2D3D3463009D333B /* CoreDataManager.swift */,
				91039B512D3D34B0009D333B /* TrackerCoreData.xcdatamodeld */,
			);
			path = CoreData;
			sourceTree = "<group>";
		};
		9170EFEC2D3FAE1F0004A701 /* DataStores */ = {
			isa = PBXGroup;
			children = (
				9170F0152D4139850004A701 /* Protocols */,
				9170EFED2D3FAE350004A701 /* TrackerDataStore.swift */,
				9170F0112D4119010004A701 /* RecordsDataStore.swift */,
				9170F0132D41395B0004A701 /* CategoryDataStore.swift */,
			);
			path = DataStores;
			sourceTree = "<group>";
		};
		9170EFF32D3FB9EF0004A701 /* Protocols */ = {
			isa = PBXGroup;
			children = (
				9170EFF42D3FBA040004A701 /* DataProviderDelegate.swift */,
				9170EFF62D3FBA170004A701 /* TrackersDataProviderProtocol.swift */,
				9170F00F2D4114170004A701 /* RecordsDataProviderDelegate.swift */,
			);
			path = Protocols;
			sourceTree = "<group>";
		};
		9170F0152D4139850004A701 /* Protocols */ = {
			isa = PBXGroup;
			children = (
				9170EFEF2D3FAF2F0004A701 /* TrackerDataStoreProtocol.swift */,
			);
			path = Protocols;
			sourceTree = "<group>";
		};
		9170F0162D413B690004A701 /* DataProviders */ = {
			isa = PBXGroup;
			children = (
				9170EFF32D3FB9EF0004A701 /* Protocols */,
				9170F00D2D410FC40004A701 /* RecordsDataProvider.swift */,
				9170EFEA2D3FA3C30004A701 /* TrackersDataProvider.swift */,
				9170F0172D413B800004A701 /* CategoryDataProvider.swift */,
			);
			path = DataProviders;
			sourceTree = "<group>";
		};
		9170F01C2D4145310004A701 /* Modules */ = {
			isa = PBXGroup;
			children = (
				91521B262D44110000402837 /* Onboarding */,
				91B028502CF078B90047E664 /* TabBarController */,
				91B0284E2CF072270047E664 /* TrackerMainPage */,
				91B028812CF207AC0047E664 /* StatisticPage */,
				91B028862CF257AE0047E664 /* TrackerTypeMenuPage */,
				91B028892CF334850047E664 /* EditNewTrackerPage */,
				912091732D0CB5FF0048851D /* CategoryPage */,
				9120917B2D0DB3070048851D /* SchedulePage */,
			);
			path = Modules;
			sourceTree = "<group>";
		};
		9170F01D2D424A7F0004A701 /* Protocols */ = {
			isa = PBXGroup;
			children = (
				9170F01E2D424A900004A701 /* TrackersCollectionPresenterDelegate.swift */,
			);
			path = Protocols;
			sourceTree = "<group>";
		};
		91B0282D2CF06F680047E664 = {
			isa = PBXGroup;
			children = (
				91B028382CF06F680047E664 /* Tracker */,
				91B028372CF06F680047E664 /* Products */,
			);
			sourceTree = "<group>";
		};
		91B028372CF06F680047E664 /* Products */ = {
			isa = PBXGroup;
			children = (
				91B028362CF06F680047E664 /* Tracker.app */,
			);
			name = Products;
			sourceTree = "<group>";
		};
		91B028382CF06F680047E664 /* Tracker */ = {
			isa = PBXGroup;
			children = (
				9170F01C2D4145310004A701 /* Modules */,
				9170EFE92D3FA3B50004A701 /* CoreData */,
				912091682D0AED2E0048851D /* Managers */,
				91B028762CF0C7870047E664 /* Models */,
				91B028532CF07ABE0047E664 /* Helpers */,
				91B0284F2CF074E40047E664 /* Storyboards */,
				91B0284D2CF0719D0047E664 /* Core */,
				91B028422CF06F690047E664 /* Assets.xcassets */,
				91B028472CF06F690047E664 /* Info.plist */,
			);
			path = Tracker;
			sourceTree = "<group>";
		};
		91B0284D2CF0719D0047E664 /* Core */ = {
			isa = PBXGroup;
			children = (
				91B028392CF06F680047E664 /* AppDelegate.swift */,
				91B0283B2CF06F680047E664 /* SceneDelegate.swift */,
			);
			path = Core;
			sourceTree = "<group>";
		};
		91B0284E2CF072270047E664 /* TrackerMainPage */ = {
			isa = PBXGroup;
			children = (
				9170F01D2D424A7F0004A701 /* Protocols */,
				91CC95C12D10B4C000ECE101 /* Cells */,
				91CC95C72D10B51D00ECE101 /* TrackersCollectionPresenter.swift */,
				91B0283D2CF06F680047E664 /* TrackerListVC.swift */,
			);
			path = TrackerMainPage;
			sourceTree = "<group>";
		};
		91B0284F2CF074E40047E664 /* Storyboards */ = {
			isa = PBXGroup;
			children = (
				91B028442CF06F690047E664 /* LaunchScreen.storyboard */,
			);
			path = Storyboards;
			sourceTree = "<group>";
		};
		91B028502CF078B90047E664 /* TabBarController */ = {
			isa = PBXGroup;
			children = (
				91B028512CF078D50047E664 /* TabBarController.swift */,
			);
			path = TabBarController;
			sourceTree = "<group>";
		};
		91B028532CF07ABE0047E664 /* Helpers */ = {
			isa = PBXGroup;
			children = (
				91B028542CF07AE60047E664 /* UIButton+Extensions.swift */,
				91B0287F2CF2061D0047E664 /* UIColor+Extensions.swift */,
				91B028842CF209690047E664 /* Date+Extensions.swift */,
			);
			path = Helpers;
			sourceTree = "<group>";
		};
		91B028762CF0C7870047E664 /* Models */ = {
			isa = PBXGroup;
			children = (
				912091712D0CB5810048851D /* GeometricParamsModel.swift */,
				91B028772CF0C7A70047E664 /* TrackerModel.swift */,
				91B028792CF0C7B20047E664 /* TrackerCategoryModel.swift */,
				91B0287B2CF0C7BD0047E664 /* TrackerRecordModel.swift */,
				913E87562D399B460014D489 /* TrackerColorsModel.swift */,
				913E87582D399B740014D489 /* ScheduleModel.swift */,
				913E875A2D399BA60014D489 /* EmojiModel.swift */,
			);
			path = Models;
			sourceTree = "<group>";
		};
		91B028812CF207AC0047E664 /* StatisticPage */ = {
			isa = PBXGroup;
			children = (
				91B028822CF207BF0047E664 /* StatisticPageVC.swift */,
			);
			path = StatisticPage;
			sourceTree = "<group>";
		};
		91B028862CF257AE0047E664 /* TrackerTypeMenuPage */ = {
			isa = PBXGroup;
			children = (
				91B028872CF257BE0047E664 /* TrackerTypeMenuVC.swift */,
			);
			path = TrackerTypeMenuPage;
			sourceTree = "<group>";
		};
		91B028892CF334850047E664 /* EditNewTrackerPage */ = {
			isa = PBXGroup;
			children = (
				9120918E2D0F0C5A0048851D /* Protocols */,
				9120918D2D0F0B270048851D /* Managers */,
				912091702D0CB5640048851D /* Models */,
				912091692D0AED3C0048851D /* Cells */,
				91B0288A2CF334960047E664 /* EditNewTrackerVC.swift */,
				9120915E2D0A364D0048851D /* SupplementaryView.swift */,
				912091972D10571A0048851D /* EditNewTrackerPresenter.swift */,
			);
			path = EditNewTrackerPage;
			sourceTree = "<group>";
		};
		91CC95C12D10B4C000ECE101 /* Cells */ = {
			isa = PBXGroup;
			children = (
				91CC95C22D10B4D100ECE101 /* TrackersCollectionCell.swift */,
			);
			path = Cells;
			sourceTree = "<group>";
		};
/* End PBXGroup section */

/* Begin PBXNativeTarget section */
		91B028352CF06F680047E664 /* Tracker */ = {
			isa = PBXNativeTarget;
			buildConfigurationList = 91B0284A2CF06F690047E664 /* Build configuration list for PBXNativeTarget "Tracker" */;
			buildPhases = (
				91B028322CF06F680047E664 /* Sources */,
				91B028332CF06F680047E664 /* Frameworks */,
				91B028342CF06F680047E664 /* Resources */,
			);
			buildRules = (
			);
			dependencies = (
			);
			name = Tracker;
			productName = Tracker;
			productReference = 91B028362CF06F680047E664 /* Tracker.app */;
			productType = "com.apple.product-type.application";
		};
/* End PBXNativeTarget section */

/* Begin PBXProject section */
		91B0282E2CF06F680047E664 /* Project object */ = {
			isa = PBXProject;
			attributes = {
				BuildIndependentTargetsInParallel = 1;
				LastSwiftUpdateCheck = 1540;
				LastUpgradeCheck = 1540;
				TargetAttributes = {
					91B028352CF06F680047E664 = {
						CreatedOnToolsVersion = 15.4;
					};
				};
			};
			buildConfigurationList = 91B028312CF06F680047E664 /* Build configuration list for PBXProject "Tracker" */;
			compatibilityVersion = "Xcode 14.0";
			developmentRegion = en;
			hasScannedForEncodings = 0;
			knownRegions = (
				en,
				Base,
			);
			mainGroup = 91B0282D2CF06F680047E664;
			productRefGroup = 91B028372CF06F680047E664 /* Products */;
			projectDirPath = "";
			projectRoot = "";
			targets = (
				91B028352CF06F680047E664 /* Tracker */,
			);
		};
/* End PBXProject section */

/* Begin PBXResourcesBuildPhase section */
		91B028342CF06F680047E664 /* Resources */ = {
			isa = PBXResourcesBuildPhase;
			buildActionMask = 2147483647;
			files = (
				91B028432CF06F690047E664 /* Assets.xcassets in Resources */,
				91B028462CF06F690047E664 /* Base in Resources */,
			);
			runOnlyForDeploymentPostprocessing = 0;
		};
/* End PBXResourcesBuildPhase section */

/* Begin PBXSourcesBuildPhase section */
		91B028322CF06F680047E664 /* Sources */ = {
			isa = PBXSourcesBuildPhase;
			buildActionMask = 2147483647;
			files = (
				9170F00E2D410FC40004A701 /* RecordsDataProvider.swift in Sources */,
				91B0287A2CF0C7B20047E664 /* TrackerCategoryModel.swift in Sources */,
				91CC95C32D10B4D100ECE101 /* TrackersCollectionCell.swift in Sources */,
				91B028852CF209690047E664 /* Date+Extensions.swift in Sources */,
				912091632D0ADA080048851D /* EmojiCollectionViewManager.swift in Sources */,
				912091782D0CBE0F0048851D /* CreateCategoryVC.swift in Sources */,
				91B028782CF0C7A70047E664 /* TrackerModel.swift in Sources */,
				912091982D10571A0048851D /* EditNewTrackerPresenter.swift in Sources */,
				9170EFF02D3FAF2F0004A701 /* TrackerDataStoreProtocol.swift in Sources */,
				9170EFEE2D3FAE350004A701 /* TrackerDataStore.swift in Sources */,
				91B0283E2CF06F680047E664 /* TrackerListVC.swift in Sources */,
				91521B282D44111E00402837 /* OnboardingViewController.swift in Sources */,
				9170EFF52D3FBA040004A701 /* DataProviderDelegate.swift in Sources */,
				913E87552D36DEBB0014D489 /* CategoryPageViewControllerProtocol.swift in Sources */,
				9170F0182D413B800004A701 /* CategoryDataProvider.swift in Sources */,
				91CC95C02D106AA700ECE101 /* TrackerNameTextFieldManagerDelegateProtocol.swift in Sources */,
				91039B532D3D34B0009D333B /* TrackerCoreData.xcdatamodeld in Sources */,
				9161CE572D1066A70081A3B4 /* EditNewTrackerViewControllerProtocol.swift in Sources */,
				91B028832CF207BF0047E664 /* StatisticPageVC.swift in Sources */,
				912091842D0DCAE90048851D /* ButtonsTableViewCells.swift in Sources */,
				9170F0102D4114170004A701 /* RecordsDataProviderDelegate.swift in Sources */,
				91B028522CF078D50047E664 /* TabBarController.swift in Sources */,
				913E875B2D399BA60014D489 /* EmojiModel.swift in Sources */,
				9170F0142D41395B0004A701 /* CategoryDataStore.swift in Sources */,
				91B028802CF2061D0047E664 /* UIColor+Extensions.swift in Sources */,
				91B0283A2CF06F680047E664 /* AppDelegate.swift in Sources */,
				912091762D0CB69A0048851D /* CategoryPageVC.swift in Sources */,
				9120916B2D0C623D0048851D /* NameTextFieldManager.swift in Sources */,
				9170F0122D4119010004A701 /* RecordsDataStore.swift in Sources */,
				91B0288B2CF334960047E664 /* EditNewTrackerVC.swift in Sources */,
				9120918C2D0F03200048851D /* CategoryTableViewCell.swift in Sources */,
				9170F01F2D424A900004A701 /* TrackersCollectionPresenterDelegate.swift in Sources */,
				912091942D0F15230048851D /* DataForTrackerModel.swift in Sources */,
				9170EFEB2D3FA3C30004A701 /* TrackersDataProvider.swift in Sources */,
				91B028552CF07AE60047E664 /* UIButton+Extensions.swift in Sources */,
				912091672D0ADDF80048851D /* ColorCollectionViewCell.swift in Sources */,
				9170EFF72D3FBA170004A701 /* TrackersDataProviderProtocol.swift in Sources */,
				91B028882CF257BE0047E664 /* TrackerTypeMenuVC.swift in Sources */,
				91B0288D2CF380B50047E664 /* EmojiCollectionViewCell.swift in Sources */,
				9120917D2D0DB33C0048851D /* SchedulePageVC.swift in Sources */,
				912091652D0ADCAF0048851D /* ColorCollectionManager.swift in Sources */,
				912091722D0CB5810048851D /* GeometricParamsModel.swift in Sources */,
				91521B4F2D4419E300402837 /* PageViewController.swift in Sources */,
				91CC95C82D10B51D00ECE101 /* TrackersCollectionPresenter.swift in Sources */,
				9120919C2D1057CD0048851D /* EditNewTrackerPresenterProtocol.swift in Sources */,
				91039B502D3D3463009D333B /* CoreDataManager.swift in Sources */,
				913E87572D399B460014D489 /* TrackerColorsModel.swift in Sources */,
				9120915F2D0A364D0048851D /* SupplementaryView.swift in Sources */,
				91B0283C2CF06F680047E664 /* SceneDelegate.swift in Sources */,
				91B0287C2CF0C7BD0047E664 /* TrackerRecordModel.swift in Sources */,
				913E87592D399B740014D489 /* ScheduleModel.swift in Sources */,
			);
			runOnlyForDeploymentPostprocessing = 0;
		};
/* End PBXSourcesBuildPhase section */

/* Begin PBXVariantGroup section */
		91B028442CF06F690047E664 /* LaunchScreen.storyboard */ = {
			isa = PBXVariantGroup;
			children = (
				91B028452CF06F690047E664 /* Base */,
			);
			name = LaunchScreen.storyboard;
			sourceTree = "<group>";
		};
/* End PBXVariantGroup section */

/* Begin XCBuildConfiguration section */
		91B028482CF06F690047E664 /* Debug */ = {
			isa = XCBuildConfiguration;
			buildSettings = {
				ALWAYS_SEARCH_USER_PATHS = NO;
				ASSETCATALOG_COMPILER_GENERATE_SWIFT_ASSET_SYMBOL_EXTENSIONS = YES;
				CLANG_ANALYZER_NONNULL = YES;
				CLANG_ANALYZER_NUMBER_OBJECT_CONVERSION = YES_AGGRESSIVE;
				CLANG_CXX_LANGUAGE_STANDARD = "gnu++20";
				CLANG_ENABLE_MODULES = YES;
				CLANG_ENABLE_OBJC_ARC = YES;
				CLANG_ENABLE_OBJC_WEAK = YES;
				CLANG_WARN_BLOCK_CAPTURE_AUTORELEASING = YES;
				CLANG_WARN_BOOL_CONVERSION = YES;
				CLANG_WARN_COMMA = YES;
				CLANG_WARN_CONSTANT_CONVERSION = YES;
				CLANG_WARN_DEPRECATED_OBJC_IMPLEMENTATIONS = YES;
				CLANG_WARN_DIRECT_OBJC_ISA_USAGE = YES_ERROR;
				CLANG_WARN_DOCUMENTATION_COMMENTS = YES;
				CLANG_WARN_EMPTY_BODY = YES;
				CLANG_WARN_ENUM_CONVERSION = YES;
				CLANG_WARN_INFINITE_RECURSION = YES;
				CLANG_WARN_INT_CONVERSION = YES;
				CLANG_WARN_NON_LITERAL_NULL_CONVERSION = YES;
				CLANG_WARN_OBJC_IMPLICIT_RETAIN_SELF = YES;
				CLANG_WARN_OBJC_LITERAL_CONVERSION = YES;
				CLANG_WARN_OBJC_ROOT_CLASS = YES_ERROR;
				CLANG_WARN_QUOTED_INCLUDE_IN_FRAMEWORK_HEADER = YES;
				CLANG_WARN_RANGE_LOOP_ANALYSIS = YES;
				CLANG_WARN_STRICT_PROTOTYPES = YES;
				CLANG_WARN_SUSPICIOUS_MOVE = YES;
				CLANG_WARN_UNGUARDED_AVAILABILITY = YES_AGGRESSIVE;
				CLANG_WARN_UNREACHABLE_CODE = YES;
				CLANG_WARN__DUPLICATE_METHOD_MATCH = YES;
				COPY_PHASE_STRIP = NO;
				DEBUG_INFORMATION_FORMAT = dwarf;
				ENABLE_STRICT_OBJC_MSGSEND = YES;
				ENABLE_TESTABILITY = YES;
				ENABLE_USER_SCRIPT_SANDBOXING = YES;
				GCC_C_LANGUAGE_STANDARD = gnu17;
				GCC_DYNAMIC_NO_PIC = NO;
				GCC_NO_COMMON_BLOCKS = YES;
				GCC_OPTIMIZATION_LEVEL = 0;
				GCC_PREPROCESSOR_DEFINITIONS = (
					"DEBUG=1",
					"$(inherited)",
				);
				GCC_WARN_64_TO_32_BIT_CONVERSION = YES;
				GCC_WARN_ABOUT_RETURN_TYPE = YES_ERROR;
				GCC_WARN_UNDECLARED_SELECTOR = YES;
				GCC_WARN_UNINITIALIZED_AUTOS = YES_AGGRESSIVE;
				GCC_WARN_UNUSED_FUNCTION = YES;
				GCC_WARN_UNUSED_VARIABLE = YES;
				IPHONEOS_DEPLOYMENT_TARGET = 17.5;
				LOCALIZATION_PREFERS_STRING_CATALOGS = YES;
				MTL_ENABLE_DEBUG_INFO = INCLUDE_SOURCE;
				MTL_FAST_MATH = YES;
				ONLY_ACTIVE_ARCH = YES;
				SDKROOT = iphoneos;
				SWIFT_ACTIVE_COMPILATION_CONDITIONS = "DEBUG $(inherited)";
				SWIFT_OPTIMIZATION_LEVEL = "-Onone";
			};
			name = Debug;
		};
		91B028492CF06F690047E664 /* Release */ = {
			isa = XCBuildConfiguration;
			buildSettings = {
				ALWAYS_SEARCH_USER_PATHS = NO;
				ASSETCATALOG_COMPILER_GENERATE_SWIFT_ASSET_SYMBOL_EXTENSIONS = YES;
				CLANG_ANALYZER_NONNULL = YES;
				CLANG_ANALYZER_NUMBER_OBJECT_CONVERSION = YES_AGGRESSIVE;
				CLANG_CXX_LANGUAGE_STANDARD = "gnu++20";
				CLANG_ENABLE_MODULES = YES;
				CLANG_ENABLE_OBJC_ARC = YES;
				CLANG_ENABLE_OBJC_WEAK = YES;
				CLANG_WARN_BLOCK_CAPTURE_AUTORELEASING = YES;
				CLANG_WARN_BOOL_CONVERSION = YES;
				CLANG_WARN_COMMA = YES;
				CLANG_WARN_CONSTANT_CONVERSION = YES;
				CLANG_WARN_DEPRECATED_OBJC_IMPLEMENTATIONS = YES;
				CLANG_WARN_DIRECT_OBJC_ISA_USAGE = YES_ERROR;
				CLANG_WARN_DOCUMENTATION_COMMENTS = YES;
				CLANG_WARN_EMPTY_BODY = YES;
				CLANG_WARN_ENUM_CONVERSION = YES;
				CLANG_WARN_INFINITE_RECURSION = YES;
				CLANG_WARN_INT_CONVERSION = YES;
				CLANG_WARN_NON_LITERAL_NULL_CONVERSION = YES;
				CLANG_WARN_OBJC_IMPLICIT_RETAIN_SELF = YES;
				CLANG_WARN_OBJC_LITERAL_CONVERSION = YES;
				CLANG_WARN_OBJC_ROOT_CLASS = YES_ERROR;
				CLANG_WARN_QUOTED_INCLUDE_IN_FRAMEWORK_HEADER = YES;
				CLANG_WARN_RANGE_LOOP_ANALYSIS = YES;
				CLANG_WARN_STRICT_PROTOTYPES = YES;
				CLANG_WARN_SUSPICIOUS_MOVE = YES;
				CLANG_WARN_UNGUARDED_AVAILABILITY = YES_AGGRESSIVE;
				CLANG_WARN_UNREACHABLE_CODE = YES;
				CLANG_WARN__DUPLICATE_METHOD_MATCH = YES;
				COPY_PHASE_STRIP = NO;
				DEBUG_INFORMATION_FORMAT = "dwarf-with-dsym";
				ENABLE_NS_ASSERTIONS = NO;
				ENABLE_STRICT_OBJC_MSGSEND = YES;
				ENABLE_USER_SCRIPT_SANDBOXING = YES;
				GCC_C_LANGUAGE_STANDARD = gnu17;
				GCC_NO_COMMON_BLOCKS = YES;
				GCC_WARN_64_TO_32_BIT_CONVERSION = YES;
				GCC_WARN_ABOUT_RETURN_TYPE = YES_ERROR;
				GCC_WARN_UNDECLARED_SELECTOR = YES;
				GCC_WARN_UNINITIALIZED_AUTOS = YES_AGGRESSIVE;
				GCC_WARN_UNUSED_FUNCTION = YES;
				GCC_WARN_UNUSED_VARIABLE = YES;
				IPHONEOS_DEPLOYMENT_TARGET = 17.5;
				LOCALIZATION_PREFERS_STRING_CATALOGS = YES;
				MTL_ENABLE_DEBUG_INFO = NO;
				MTL_FAST_MATH = YES;
				SDKROOT = iphoneos;
				SWIFT_COMPILATION_MODE = wholemodule;
				VALIDATE_PRODUCT = YES;
			};
			name = Release;
		};
		91B0284B2CF06F690047E664 /* Debug */ = {
			isa = XCBuildConfiguration;
			buildSettings = {
				ASSETCATALOG_COMPILER_APPICON_NAME = AppIcon;
				ASSETCATALOG_COMPILER_GLOBAL_ACCENT_COLOR_NAME = AccentColor;
				CODE_SIGN_STYLE = Automatic;
				CURRENT_PROJECT_VERSION = 1;
				DEVELOPMENT_TEAM = RJV8GD8K45;
				GENERATE_INFOPLIST_FILE = YES;
				INFOPLIST_FILE = Tracker/Info.plist;
				INFOPLIST_KEY_UIApplicationSupportsIndirectInputEvents = YES;
				INFOPLIST_KEY_UILaunchStoryboardName = LaunchScreen;
				INFOPLIST_KEY_UISupportedInterfaceOrientations = UIInterfaceOrientationPortrait;
				INFOPLIST_KEY_UISupportedInterfaceOrientations_iPad = UIInterfaceOrientationPortrait;
				IPHONEOS_DEPLOYMENT_TARGET = 13.4;
				LD_RUNPATH_SEARCH_PATHS = (
					"$(inherited)",
					"@executable_path/Frameworks",
				);
				MARKETING_VERSION = 1.0;
				PRODUCT_BUNDLE_IDENTIFIER = ru.satkov.Tracker;
				PRODUCT_NAME = "$(TARGET_NAME)";
				SUPPORTED_PLATFORMS = "iphoneos iphonesimulator";
				SUPPORTS_MACCATALYST = NO;
				SUPPORTS_MAC_DESIGNED_FOR_IPHONE_IPAD = NO;
				SUPPORTS_XR_DESIGNED_FOR_IPHONE_IPAD = NO;
				SWIFT_EMIT_LOC_STRINGS = YES;
				SWIFT_VERSION = 5.0;
				TARGETED_DEVICE_FAMILY = 1;
			};
			name = Debug;
		};
		91B0284C2CF06F690047E664 /* Release */ = {
			isa = XCBuildConfiguration;
			buildSettings = {
				ASSETCATALOG_COMPILER_APPICON_NAME = AppIcon;
				ASSETCATALOG_COMPILER_GLOBAL_ACCENT_COLOR_NAME = AccentColor;
				CODE_SIGN_STYLE = Automatic;
				CURRENT_PROJECT_VERSION = 1;
				DEVELOPMENT_TEAM = RJV8GD8K45;
				GENERATE_INFOPLIST_FILE = YES;
				INFOPLIST_FILE = Tracker/Info.plist;
				INFOPLIST_KEY_UIApplicationSupportsIndirectInputEvents = YES;
				INFOPLIST_KEY_UILaunchStoryboardName = LaunchScreen;
				INFOPLIST_KEY_UISupportedInterfaceOrientations = UIInterfaceOrientationPortrait;
				INFOPLIST_KEY_UISupportedInterfaceOrientations_iPad = UIInterfaceOrientationPortrait;
				IPHONEOS_DEPLOYMENT_TARGET = 13.4;
				LD_RUNPATH_SEARCH_PATHS = (
					"$(inherited)",
					"@executable_path/Frameworks",
				);
				MARKETING_VERSION = 1.0;
				PRODUCT_BUNDLE_IDENTIFIER = ru.satkov.Tracker;
				PRODUCT_NAME = "$(TARGET_NAME)";
				SUPPORTED_PLATFORMS = "iphoneos iphonesimulator";
				SUPPORTS_MACCATALYST = NO;
				SUPPORTS_MAC_DESIGNED_FOR_IPHONE_IPAD = NO;
				SUPPORTS_XR_DESIGNED_FOR_IPHONE_IPAD = NO;
				SWIFT_EMIT_LOC_STRINGS = YES;
				SWIFT_VERSION = 5.0;
				TARGETED_DEVICE_FAMILY = 1;
			};
			name = Release;
		};
/* End XCBuildConfiguration section */

/* Begin XCConfigurationList section */
		91B028312CF06F680047E664 /* Build configuration list for PBXProject "Tracker" */ = {
			isa = XCConfigurationList;
			buildConfigurations = (
				91B028482CF06F690047E664 /* Debug */,
				91B028492CF06F690047E664 /* Release */,
			);
			defaultConfigurationIsVisible = 0;
			defaultConfigurationName = Release;
		};
		91B0284A2CF06F690047E664 /* Build configuration list for PBXNativeTarget "Tracker" */ = {
			isa = XCConfigurationList;
			buildConfigurations = (
				91B0284B2CF06F690047E664 /* Debug */,
				91B0284C2CF06F690047E664 /* Release */,
			);
			defaultConfigurationIsVisible = 0;
			defaultConfigurationName = Release;
		};
/* End XCConfigurationList section */

/* Begin XCVersionGroup section */
		91039B512D3D34B0009D333B /* TrackerCoreData.xcdatamodeld */ = {
			isa = XCVersionGroup;
			children = (
				91039B522D3D34B0009D333B /* TrackerCoreData.xcdatamodel */,
			);
			currentVersion = 91039B522D3D34B0009D333B /* TrackerCoreData.xcdatamodel */;
			path = TrackerCoreData.xcdatamodeld;
			sourceTree = "<group>";
			versionGroupType = wrapper.xcdatamodel;
		};
/* End XCVersionGroup section */
	};
	rootObject = 91B0282E2CF06F680047E664 /* Project object */;
}
